<?xml version="1.0" encoding="utf-8"?>
<Project ToolsVersion="4.0" xmlns="http://schemas.microsoft.com/developer/msbuild/2003">
  <ItemGroup>
    <Filter Include="Source Files">
      <UniqueIdentifier>{4FC737F1-C7A5-4376-A066-2A32D752A2FF}</UniqueIdentifier>
      <Extensions>cpp;c;cc;cxx;def;odl;idl;hpj;bat;asm;asmx</Extensions>
    </Filter>
    <Filter Include="Header Files">
      <UniqueIdentifier>{93995380-89BD-4b04-88EB-625FBE52EBFB}</UniqueIdentifier>
      <Extensions>h;hh;hpp;hxx;hm;inl;inc;xsd</Extensions>
    </Filter>
    <Filter Include="Resource Files">
      <UniqueIdentifier>{67DA6AB6-F800-4c08-8B7A-83BB121AAD01}</UniqueIdentifier>
      <Extensions>rc;ico;cur;bmp;dlg;rc2;rct;bin;rgs;gif;jpg;jpeg;jpe;resx;tiff;tif;png;wav;mfcribbon-ms</Extensions>
    </Filter>
    <Filter Include="Test Files">
      <UniqueIdentifier>{494f8e5e-472f-42d1-87f5-3036b8cc364b}</UniqueIdentifier>
    </Filter>
  </ItemGroup>
  <ItemGroup>
    <ClInclude Include="stdafx.h">
      <Filter>Header Files</Filter>
    </ClInclude>
    <ClInclude Include="targetver.h">
      <Filter>Header Files</Filter>
    </ClInclude>
    <ClInclude Include="..\BattleScrabble\AI.h">
      <Filter>Header Files</Filter>
    </ClInclude>
    <ClInclude Include="..\BattleScrabble\Ammo.h">
      <Filter>Header Files</Filter>
    </ClInclude>
    <ClInclude Include="..\BattleScrabble\HumanPlayer.h">
      <Filter>Header Files</Filter>
    </ClInclude>
    <ClInclude Include="..\BattleScrabble\Missile.h">
      <Filter>Header Files</Filter>
    </ClInclude>
    <ClInclude Include="..\BattleScrabble\Ping.h">
      <Filter>Header Files</Filter>
    </ClInclude>
    <ClInclude Include="..\BattleScrabble\Player.h">
      <Filter>Header Files</Filter>
    </ClInclude>
    <ClInclude Include="..\BattleScrabble\Point.h">
      <Filter>Header Files</Filter>
    </ClInclude>
    <ClInclude Include="..\BattleScrabble\Ship.h">
      <Filter>Header Files</Filter>
    </ClInclude>
    <ClInclude Include="..\..\..\..\..\..\..\..\Program Files (x86)\Windows Kits\10\Include\10.0.15063.0\ucrt\corecrt_math_defines.h">
      <Filter>Header Files</Filter>
    </ClInclude>
    <ClInclude Include="..\..\..\..\..\..\..\..\Program Files (x86)\Windows Kits\10\Include\10.0.15063.0\ucrt\corecrt_stdio_config.h">
      <Filter>Header Files</Filter>
    </ClInclude>
    <ClInclude Include="..\..\..\..\..\..\..\..\Program Files (x86)\Windows Kits\10\Include\10.0.15063.0\ucrt\corecrt_terminate.h">
      <Filter>Header Files</Filter>
    </ClInclude>
    <ClInclude Include="..\BattleScrabble\CrossMissile.h">
      <Filter>Header Files</Filter>
    </ClInclude>
    <ClInclude Include="..\BattleScrabble\BattleshipBoard.h">
      <Filter>Header Files</Filter>
    </ClInclude>
    <ClInclude Include="..\BattleScrabble\ScrabbleBoard.h">
      <Filter>Header Files</Filter>
    </ClInclude>
    <ClInclude Include="..\BattleScrabble\ScrabbleTile.h">
      <Filter>Header Files</Filter>
    </ClInclude>
    <ClInclude Include="..\BattleScrabble\ScrabbleTileContainer.h">
      <Filter>Header Files</Filter>
    </ClInclude>
  </ItemGroup>
  <ItemGroup>
    <ClCompile Include="stdafx.cpp">
      <Filter>Source Files</Filter>
    </ClCompile>
    <ClCompile Include="..\BattleScrabble\Missile.cpp">
      <Filter>Source Files</Filter>
    </ClCompile>
    <ClCompile Include="..\BattleScrabble\Ping.cpp">
      <Filter>Source Files</Filter>
    </ClCompile>
    <ClCompile Include="..\BattleScrabble\Player.cpp">
      <Filter>Source Files</Filter>
    </ClCompile>
    <ClCompile Include="..\BattleScrabble\Point.cpp">
      <Filter>Source Files</Filter>
    </ClCompile>
    <ClCompile Include="..\BattleScrabble\Ship.cpp">
      <Filter>Source Files</Filter>
    </ClCompile>
    <ClCompile Include="BoardTests.cpp">
      <Filter>Test Files</Filter>
    </ClCompile>
    <ClCompile Include="BoardTileTests.cpp">
      <Filter>Test Files</Filter>
    </ClCompile>
    <ClCompile Include="ShipTests.cpp">
      <Filter>Test Files</Filter>
    </ClCompile>
    <ClCompile Include="PlayerTests.cpp">
      <Filter>Test Files</Filter>
    </ClCompile>
    <ClCompile Include="..\BattleScrabble\CrossMissile.cpp">
      <Filter>Source Files</Filter>
    </ClCompile>
    <ClCompile Include="..\BattleScrabble\HumanPlayer.cpp">
      <Filter>Source Files</Filter>
    </ClCompile>
    <ClCompile Include="..\BattleScrabble\BattleshipBoard.cpp">
      <Filter>Source Files</Filter>
    </ClCompile>
    <ClCompile Include="..\BattleScrabble\ScrabbleBoard.cpp">
      <Filter>Source Files</Filter>
    </ClCompile>
    <ClCompile Include="..\BattleScrabble\ScrabbleTileContainer.cpp">
      <Filter>Source Files</Filter>
    </ClCompile>
  </ItemGroup>
</Project>